version 0.7.1
6cf60f726a7c58605564a4f473f8730b08b722b045fa580fbc2dfecb97c2d1bd core/RECIPES.md
43a85f8d8e378d2ff84c99b8e29a476b6cfe37b369b2cb5e54f65b24e4fe28e7 core/adapters/README.md
5262ecaaa6f0f6c9f4388bf088ee9069522028140cbb1e12f336937fa8e43481 core/adapters/antigravity/README.md
3c2632591341be32f5905dd236fca95ca2b64588d586f5f2dafb84e31d7851b4 core/adapters/claude/SKILL.md
054ed40de37df0458b4de0c93f3b0351e5faf9089e8eeafdbd1ef2c140b3773c core/adapters/claude/hooks/pre-push
60406189ab6e9823df03467c862d0a8d051b0b100eff5d09431364d925c0f81e core/adapters/claude/hooks/session-start.sh
47bdf0a8ecc402e87fcc66608c9485e64641a65d1b77f5f6a0f86a93b8281c6a core/adapters/claude/hooks/stop-sync.sh
6caa0adf92ee7e992f1cbb6cab377cbba3ad5e61b106ffe0a2ea18c9b0e1dc0a core/adapters/claude/page-host.js
bf60656255b1d926bd5c9a984fb476e8ddfe9f75ab9979683c684602c00c88ed core/adapters/claude/recipes/customize.md
abd8c3d34665fd1abf24c2f5bab6b3a5bd4f4a8111ecfaf49beccdacb5dd431b core/adapters/claude/scripts/make-cloud-setup.sh
9516ab6111123e77c733695de716944073f93440a5d335f27e39e558287ef1f7 core/adapters/claude/scripts/revoke-cloud-key.sh
db8d94349e916da569a93ac4f4b65e06fba0b189d9567f275b1ed55ab1185666 core/adapters/codex/README.md
21da20ff921e5e2e8c28a4b2af4fd9e6bc8b01032006975516f25107b5644ef0 core/backup/AGENT.md
f9d10b279117ef5fd1931ee6b6cf7d6e12136f3629365790b891ef4925a1c834 core/backup/README.txt
a12264bfc42c9ec48159407b460650fe70ad92926802858aa2b243f7b4805f99 core/backup/make-usb.sh
933dd4f0cb11c3da6a34c94365f44e4482e77ec9b377ef6e58885923ef1eb2ff core/backup/restore-mac.sh
d6aa51e1d3195753911a7cf71f444fc5cb66f9923a7a0d3a906fd2248d082d18 core/backup/restore-windows.ps1
afa5b57cbac5f7354af8060952bcc2cffacbd62c23e56fd1f6157107aac7b745 core/scripts/check-feed.py
82286b09f4bdc5fdeba2d1e1085d0c3db15755ddfc1993f6859fb37507b03ed0 core/scripts/leak-check.sh
d629759ac1a7ec6567d7f8d54da174278b2047b6c6879ec9dd025beb8d607e2c core/scripts/link-check.sh
16b0a16963b181077869629c577bf5b5dd8f98595650fee0d3eb3f371e50a659 core/scripts/remind.sh
a0f5ee5e86a8f0691fd1f84ca4ba84eb297af95289653e3818380577b3b93108 core/scripts/style-check.sh
75368439eb7cabdcbf5807183c7f7ed58792641375fa9044f14d3dc5693784ab core/skills/core-update/SKILL.md
cd1c53ec1e2768b244d1bc25ca51c385ecdb1a3718a6d3b8c7107d79b89d08c1 core/skills/setup/SKILL.md
066858fdb5b8dd70d8549a7043317d4f00873b39a0fadfb0cd80ca3e932412a4 core/skills/setup/recipes/any-reminders.md
68d069ff39af5f08324c2010943a98d3c0d5514a78162fec4e3a8684bd675a00 core/skills/setup/recipes/any-routine.md
56cc7cd1431b5477c6814c3b15371af8d416d028daed795c3d8ed7e2f407f46d core/skills/setup/recipes/machine-linux.md
dda27f17af255b1370c2216c4792fc1e22146404acb7b293840d7f6e1ff7fa33 core/skills/setup/recipes/machine-macos.md
7075456970b6590209d6fc04596df4bf34b96a1a32d55c078871d568132b0e0f core/skills/setup/recipes/machine-windows.md
5be4eaec823513577ef0653698eb94782f9ae8f5e90dd9073eb53ac5ece709d7 core/skills/setup/recipes/reminders-android.md
9a35ce6587989bfd71b112563840461eb5da757d098d7097e769c825d2b67311 core/skills/setup/recipes/reminders-calendar.md
88f0fe17392f6352e1f631983cbd51af3f0b8c5bb233634c19178aa021d26f2c core/skills/setup/recipes/reminders-windows.md
9d815ff3a3880cb9644a295da0ba9c763c1a787ff685d2c19f1d1bceeb89be66 core/skills/setup/references/explain-encryption.md
d30058992ba4bf3332e1527b580fa1ded22d5cc4e7f607315f7c3eefd5053175 core/skills/setup/references/explain-git.md
76db02dbc1def8210fecb2a0ef8320fec2455dc8e08baf22584b3ddca198c932 core/skills/setup/references/what-the-provider-sees.md
f715dd211e85c06eb28e41b38e4ec267d7502458f55bcdc0bac32207255d7fef core/skills/setup/steps/01-questionnaire.md
5dd687b887f1d342113ea9ee5579da396b5d15336f05b2d2d0dfefea950bd193 core/skills/setup/steps/02-machine.md
eec4a076cc293e81262ad4be2c097d76d48d50653b0fb1ef53aa00aacbe94e4b core/skills/setup/steps/03-repo.md
46ed1dbc4d0705eaf75363345be26fb27b9fd613a188ff7c405de9eda8bdba0a core/skills/setup/steps/04-who.md
7a42cdcbf97f8c9ed2e12454fe25c072ce910f67388b78938ea264686c4d7767 core/skills/setup/steps/05-key.md
690720d263e59c32a1af2c030c677c0a96421e33197a6008330a7155e47825fc core/skills/setup/steps/06-remote.md
e818a126535b590589990eaf96df75313bf96154b4536b3d07fba3a0a4e82785 core/skills/setup/steps/07-backup.md
e7c91be03caa3c7e43e43b12a74889df29573bb5d4fdb3018e4f8f6758bb37b1 core/skills/setup/steps/08-cloud.md
0e3da75ae8f8ab2e32a053df9ee34aedac2e962fb3d8d8d30fd00e28b8975853 core/skills/setup/steps/09-sources.md
fa7b734da0c2a1a0f64473ecd3f8bb54f36a8abfad01d4acad9b1e50cc2c10ec core/skills/setup/steps/10-reminders.md
26a8bb2fb4ab315e0100c0683cde947c9b2a2f157e3bf77f98fb3cf8b653ff34 core/skills/setup/steps/11-workflows.md
ae5bdecd2dab71c0aacd6d73b7e8ad41d356799deb28398cdf13b8177ad60edf core/skills/setup/steps/12-import.md
411f1c5baf2fa7c432a0ab630dab5f353925d82305d0c595742a8b042f08c82e core/skills/setup/steps/13-routines.md
f6d16324ff6e282740f4af8f7703764242ca6f475ae483944ac991fef42986e2 core/skills/setup/steps/14-audit.md
19e7529ee95d404ae39902159eb100c935bdbde3478bbbcb181107375f734079 core/ui/DESIGN.md
67e0a535ac1439555bb5788750ac461d09b02e0711c18e5f09bf612b5fe123a6 core/ui/LICENSE
724968481078a8b9e5c71b410528d61e7dd85241749441320780087605d04d68 core/ui/README.md
87b241b275c591694846560e9879f50c9da3150f854efdabd782c539772f3033 core/ui/VERSION
37fd614e145deec993b83467520b3ec76f9c358bc6cd9f5a21a98e9b96210bac core/ui/actions.json
e10ffff8ec4f96dc566087009e55f580e9e69a8340d49767d7d805fbf5e3cb7b core/ui/bench/baseline.json
b8d753c5bb03221927535c554623016552ebcf423fc542223db553817fd17323 core/ui/bench/package-lock.json
8183eb546cbffb42b25844f0024ae2eff0f7b69b0e4a670c6fbfce61b7ecccdc core/ui/bench/package.json
0e42ae7d43ff9030c5d53ed79363c1fd84b1572d2a206bc6c3e9b8d00906d3ad core/ui/bench/results/2026-09-20T225715-before.json
ec31400b6ade20c9e3c737018bdc6de4b1800c95f8d01c84e367b9f7fe6701a0 core/ui/bench/results/2026-09-20T225943-after1.json
2cfed436f2310ff4ccc0404db75179289224db518020889859af1b7ea3b8a437 core/ui/bench/results/2026-09-20T230022-before.json
3def8fd8bc66ee42f9da10181b764ca1cf8866f381ae767ae7c2bf1cc2b7ed17 core/ui/bench/results/2026-09-20T230106-after.json
05db1bca2538d1bcb74863e7ccce2010e6f5ecba300463192f206a066a9ee442 core/ui/bench/results/2026-09-20T230319-wave-clip.json
a2c77d1982459b76b8f6ed9c11ee1c1b17b22e23a8b1e7fa9a01c5a45d259390 core/ui/bench/results/2026-09-20T230420-before.json
3fa527b684e99c1ef2469327c0f43c54a4b694b37cdaff927ebd6cb849b4acad core/ui/bench/results/2026-09-20T230525-after.json
e10ffff8ec4f96dc566087009e55f580e9e69a8340d49767d7d805fbf5e3cb7b core/ui/bench/results/2026-09-20T230828.json
9e6dc63ee00bfe1975033e2838b9b47a61db6a05c6ab9304e21de84aa63414ed core/ui/bench/results/2026-09-20T231024.json
99ef11a2aba61858eb422097bde71b719db66240ac36e0d9cea33664d49bfef6 core/ui/bench/run.mjs
7d5f99eb772d28a70583dabdc164f32885e4b28e5f1ed554c5ddfef3df4895de core/ui/build.py
b7a8c9fe832abf68ba7103cb6e5862e0a44ebfce4f7ccbccc79eadd41ff6517e core/ui/components/icm-action.css
a08d1106940fd33acc617a4da7179eec603fa9fb6a57b7d19522c244e6e088be core/ui/components/icm-action.js
7e42ad2037d37a8cf7881d65ceb3c8211c2ea8714bd5b7c365490f6621a78e4c core/ui/components/icm-choice.css
7c3917c81c925886b8d17c3067e9a1c60e1406dff9c689f3626467d2271a953c core/ui/components/icm-choice.js
a23c075c311d706e12ed3425c01dd744de39deaa552e9dfd1e7da953a2428774 core/ui/components/icm-confirm.css
b5f61167474643a44f1496a8955b612ef67c48b1a4ea6a7b1e25612fa79ee1fb core/ui/components/icm-confirm.js
1f5ed65b68d119f4cbf887dc5d893ac9f9593cb52911e5e2b5ef4ebfb97c11cb core/ui/components/icm-deadline.css
3742ae8445257659e2d99042973f9c96df21af40a7e597686706fe15a8a0ef28 core/ui/components/icm-deadline.js
1106ce5ad6134f2024f2bade34e943602ebc2e8c8217c4f648d4a276f94cb68e core/ui/components/icm-delta.css
8e9b839e01d3c317c3792248f9e8090ebad1ea540eed291da7a67bfde8a41d6e core/ui/components/icm-delta.js
85343dace26a8402a1db7f68f335f0607eff79a1cde6bfd52be8419573e7472a core/ui/components/icm-facts.css
eeabeccd01865af4b923618b9645a0415927d263d52c2680c0fea153da6c391c core/ui/components/icm-facts.js
2e31dba5f7a85f38a79bae5889e8110cd5bcc1e7db1287cf874e22840c7f341b core/ui/components/icm-gauge.css
9588926b27f935bdd7b91721aab7b0854bf67407ac9b76f7d1b0d5effdc79d13 core/ui/components/icm-gauge.js
4aa7c98a1762746caba8610a40697125012484ca8a53f7ad3c3d59e2532f4373 core/ui/components/icm-input.css
6a0c1910ee5a16e981fa5a93febc8e3fd06587340ef3b91678873b12e6135ed9 core/ui/components/icm-input.js
919ef59737f92a86e5b5f96850d5fc415eb7654436fbc49d55e1f5b8cd140d8a core/ui/components/icm-list.css
12ca089540cabc3c595bb69fe0060d27dead6bd338e1355ee8e6c86ea497e0ba core/ui/components/icm-list.js
55b34dd9360ca9537fde3a553247dc1154e028d929a95544b29e4c6911144232 core/ui/components/icm-metric.css
e96b0fd32de4a089489bd1fc328b51a6d1902e7433d469f89000b4bef6768a89 core/ui/components/icm-metric.js
17885066768d4de990d5e7c5c80d4c7b0737292bc8ee0ace49bfcdb3e57e88c0 core/ui/components/icm-next.css
868cf4f8badeb5fe6684a833fe5664bbb3bb5b4fdc7f19db8a5ba19e3e7960bc core/ui/components/icm-next.js
f8a3c410b59f31c58d4d089ce3fa269fb9263f041439505a9645bddd441f6399 core/ui/components/icm-quote.css
bf2d318273ea56187ab1af4e5eb39372fe6005078b1d6a68f7f6c7b188f4ff39 core/ui/components/icm-quote.js
ea9ec0dd14965dff516e5709fdadd8aaaaddd34f1a35df33cb2b95bda752ba8f core/ui/components/icm-series.css
fe51665022511b849a873469bb8bbff997789c53e7f6749c533fa4fa6209d9e1 core/ui/components/icm-series.js
486a1011611d375b504595971f0fab9923598d3b5b7ee533187519df0c236bd9 core/ui/components/icm-slider.css
7434005e20c6a4270164023791a87612a621501801877735dbff1e55a5185743 core/ui/components/icm-slider.js
22a5c69511d51cf9c8dee2678f6a44f68034799e78fbc26658c204c63cc6b87f core/ui/components/icm-tags.css
6e625d4d6363aee524a3c71cd6d2bf36478b1de75eae59897f90b38c84cf8f67 core/ui/components/icm-tags.js
f01e6bdfdd059113f04695e7212cb367c4a91af1a9384c3857058feb4bc6f1b1 core/ui/dist/icm.css
e9c0cfa4ae489a798b77681e75f15adfed9948d64000ac91305cd9583814e1e4 core/ui/dist/icm.js
9710d253e9c0bbe0cc513212da93b6b23e4d1fedbb8c06300c65f088290c8137 core/ui/docs/index.src.html
89d26f5b3ac72749c3e755dd4fa4b53753f8a9148a57995f88a72325076302d9 core/ui/icons/providers.js
408d0b85eee55e6c6519a2d629e515189f83949d84ffdebfff4b7dab42dbf7c7 core/ui/icons/ui.js
f3761b7abf6337ae9e1e6a4352a2e4b2b605c12f415497faaa69ee7873b3679a core/ui/index.js
d55a9d5ce3967bc83420f42e4ac43da961774369dc125b8f73fb17269f6af443 core/ui/labels-check.mjs
56fffc65b593c0e7055f4cafce76227878c3f658a93ab03b9aad171e2b385597 core/ui/package.json
258a3a64ecd59b610553dd60199aafa631c7b705d0f70e44dd73c6e863a0c68d core/ui/primitives/base.js
c52bfc0375b9adfcc9dc19604575b87f24fbfa6d37c6383ebd8a52deeb6962a2 core/ui/primitives/card.css
1e3028339e963acb40207b0d98cdadfb140d145b0128256652ba01b4e31d55ef core/ui/primitives/controls.css
1043096283b39d9b29e1dc2837e412affcfcdee881bded1542143f513923103f core/ui/primitives/icm-button.css
ec1061dc885a861b0edbd1b60fe045e785778675ba87e2a460c38db7bc6c1c6d core/ui/primitives/icm-button.js
f7f84d1d5c906e643404912dd8cf3f98136d433834346a5662d1848e51d010ab core/ui/primitives/icm-icon.css
3975f8c5c8048bd0c5cecdeebd64d3325bc34eab7b7c95f63e3674cd3239b6c3 core/ui/primitives/icm-icon.js
86c650e39236b67007df50983165c8ad27b097ecf451d30b5c49fd4847b50007 core/ui/primitives/icm-link.css
36406b95463d805d84b94e7a2083bd61ad8a25018e4f4d1381a6afcd3d35a663 core/ui/primitives/icm-link.js
0ebeeee81308369b0f55d1f8b8ac2f70d2e8cbca16efd37c88eea6af4ce3e4f9 core/ui/primitives/labels.js
b97547bd7db0ae1697cb87ce1bf5c8c62c9b133d36a04bf32e8ab6d22a6bf03a core/ui/primitives/layout.css
f42ce3ae4ddcce466afb1dffc75cb89aa19d1fb9eb9c4bce9fdda24fc8f4c181 core/ui/primitives/meter.css
903b415f9796d18d8ceb01a59e31d1bd82d7fe7102e1c53be4a953b709a6f0dc core/ui/primitives/row.css
c31baccf48c180b00a4d6c84a61877d6ef44a8dcb78d7e09c8d2d92f498d2e06 core/ui/primitives/text.css
ffc979d6729099034a2629e26b63ba0d525a37eb0bf7972964104538f20ff5f2 core/ui/schema.json
a208be27b473756d402c81fafd4b5e4a94ad0346feace9fb72d087f8e5a65fbe core/ui/themes/aquarium.json
f0fba59984572775a989fb588a1781a885ab44d6b506ffecbd1e302b091ffe59 core/ui/tokens/colors.css
831d9d3b0c7f1037a199253547b6042fbc5259d052d405066ac49558bdf4f67f core/ui/tokens/data.css
10b1b7ebb1edbf05b3cce9f976cec6de528bfdc64181e9f5c362362da47bda1e core/ui/tokens/layout.css
0469d69c4d8a1f17c11800f17a167169803cf1dcbd63c9f91f2d9843b11de1c2 core/ui/tokens/motion.css
870d4c219a66dadb041947c679c45c7ca3535dc62090846b93037b4ff516516b core/ui/tokens/surface.css
4c486daeaab4f9585b0df27166fdbf237028f4678f0a4599a4944d337d281510 core/ui/tokens/typography.css
c51ce3432c1e7464815c39861cbf77674830d391d718ea14d6f1759fe114da56 core/ui/vendor/README.md
cfba4715ca57d3f6a0ee519673d689f30027f3de0d5578df2e57e23a7e350ef0 core/ui/vendor/lit.js
1093f448bd698547381fff4f8eae69fc8b32105a7ebef19f50d5518760fd04ed core/workflows/graph/scripts/build-graph-page.py
e14157a459f53dcc88352c23cf7df81da487cdd2927799e473991200d8f97463 core/workflows/graph/setup.md
0edeeb2b0580e0d4d2aba9656594ff5ed119e736d2443a307164779b2c14ed3a core/workflows/graph/template/graph-template.html
