version 0.8.1
6cf60f726a7c58605564a4f473f8730b08b722b045fa580fbc2dfecb97c2d1bd core/RECIPES.md
bfee78cdfc8542eee3b9b99c494c3fd8d32b7a4f6e2e6b7cb8c2647a58392590 core/adapters/README.md
5262ecaaa6f0f6c9f4388bf088ee9069522028140cbb1e12f336937fa8e43481 core/adapters/antigravity/README.md
d4aba68a7649c249841e4f7f9999262a4d23c0b8a55c733733f0c2a6c551004a core/adapters/claude/SKILL.md
054ed40de37df0458b4de0c93f3b0351e5faf9089e8eeafdbd1ef2c140b3773c core/adapters/claude/hooks/pre-push
60406189ab6e9823df03467c862d0a8d051b0b100eff5d09431364d925c0f81e core/adapters/claude/hooks/session-start.sh
47bdf0a8ecc402e87fcc66608c9485e64641a65d1b77f5f6a0f86a93b8281c6a core/adapters/claude/hooks/stop-sync.sh
6caa0adf92ee7e992f1cbb6cab377cbba3ad5e61b106ffe0a2ea18c9b0e1dc0a core/adapters/claude/page-host.js
bf60656255b1d926bd5c9a984fb476e8ddfe9f75ab9979683c684602c00c88ed core/adapters/claude/recipes/customize.md
f248a369a4da5e790b79ed305af30561150bbfa63f31c13a4195817f87ab3d61 core/adapters/claude/scripts/make-cloud-setup.sh
9516ab6111123e77c733695de716944073f93440a5d335f27e39e558287ef1f7 core/adapters/claude/scripts/revoke-cloud-key.sh
db8d94349e916da569a93ac4f4b65e06fba0b189d9567f275b1ed55ab1185666 core/adapters/codex/README.md
21da20ff921e5e2e8c28a4b2af4fd9e6bc8b01032006975516f25107b5644ef0 core/backup/AGENT.md
f9d10b279117ef5fd1931ee6b6cf7d6e12136f3629365790b891ef4925a1c834 core/backup/README.txt
a12264bfc42c9ec48159407b460650fe70ad92926802858aa2b243f7b4805f99 core/backup/make-usb.sh
933dd4f0cb11c3da6a34c94365f44e4482e77ec9b377ef6e58885923ef1eb2ff core/backup/restore-mac.sh
d6aa51e1d3195753911a7cf71f444fc5cb66f9923a7a0d3a906fd2248d082d18 core/backup/restore-windows.ps1
afa5b57cbac5f7354af8060952bcc2cffacbd62c23e56fd1f6157107aac7b745 core/scripts/check-feed.py
82286b09f4bdc5fdeba2d1e1085d0c3db15755ddfc1993f6859fb37507b03ed0 core/scripts/leak-check.sh
d629759ac1a7ec6567d7f8d54da174278b2047b6c6879ec9dd025beb8d607e2c core/scripts/link-check.sh
16b0a16963b181077869629c577bf5b5dd8f98595650fee0d3eb3f371e50a659 core/scripts/remind.sh
4d31e7c099266fc4addc4967b58448f92f8628d3508c0ff9650f2d4bf2311c57 core/scripts/style-check.sh
75368439eb7cabdcbf5807183c7f7ed58792641375fa9044f14d3dc5693784ab core/skills/core-update/SKILL.md
cd1c53ec1e2768b244d1bc25ca51c385ecdb1a3718a6d3b8c7107d79b89d08c1 core/skills/setup/SKILL.md
066858fdb5b8dd70d8549a7043317d4f00873b39a0fadfb0cd80ca3e932412a4 core/skills/setup/recipes/any-reminders.md
68d069ff39af5f08324c2010943a98d3c0d5514a78162fec4e3a8684bd675a00 core/skills/setup/recipes/any-routine.md
56cc7cd1431b5477c6814c3b15371af8d416d028daed795c3d8ed7e2f407f46d core/skills/setup/recipes/machine-linux.md
dda27f17af255b1370c2216c4792fc1e22146404acb7b293840d7f6e1ff7fa33 core/skills/setup/recipes/machine-macos.md
7075456970b6590209d6fc04596df4bf34b96a1a32d55c078871d568132b0e0f core/skills/setup/recipes/machine-windows.md
5be4eaec823513577ef0653698eb94782f9ae8f5e90dd9073eb53ac5ece709d7 core/skills/setup/recipes/reminders-android.md
9a35ce6587989bfd71b112563840461eb5da757d098d7097e769c825d2b67311 core/skills/setup/recipes/reminders-calendar.md
88f0fe17392f6352e1f631983cbd51af3f0b8c5bb233634c19178aa021d26f2c core/skills/setup/recipes/reminders-windows.md
9d815ff3a3880cb9644a295da0ba9c763c1a787ff685d2c19f1d1bceeb89be66 core/skills/setup/references/explain-encryption.md
d30058992ba4bf3332e1527b580fa1ded22d5cc4e7f607315f7c3eefd5053175 core/skills/setup/references/explain-git.md
76db02dbc1def8210fecb2a0ef8320fec2455dc8e08baf22584b3ddca198c932 core/skills/setup/references/what-the-provider-sees.md
f715dd211e85c06eb28e41b38e4ec267d7502458f55bcdc0bac32207255d7fef core/skills/setup/steps/01-questionnaire.md
5dd687b887f1d342113ea9ee5579da396b5d15336f05b2d2d0dfefea950bd193 core/skills/setup/steps/02-machine.md
eec4a076cc293e81262ad4be2c097d76d48d50653b0fb1ef53aa00aacbe94e4b core/skills/setup/steps/03-repo.md
46ed1dbc4d0705eaf75363345be26fb27b9fd613a188ff7c405de9eda8bdba0a core/skills/setup/steps/04-who.md
7a42cdcbf97f8c9ed2e12454fe25c072ce910f67388b78938ea264686c4d7767 core/skills/setup/steps/05-key.md
690720d263e59c32a1af2c030c677c0a96421e33197a6008330a7155e47825fc core/skills/setup/steps/06-remote.md
e818a126535b590589990eaf96df75313bf96154b4536b3d07fba3a0a4e82785 core/skills/setup/steps/07-backup.md
e7c91be03caa3c7e43e43b12a74889df29573bb5d4fdb3018e4f8f6758bb37b1 core/skills/setup/steps/08-cloud.md
0e3da75ae8f8ab2e32a053df9ee34aedac2e962fb3d8d8d30fd00e28b8975853 core/skills/setup/steps/09-sources.md
fa7b734da0c2a1a0f64473ecd3f8bb54f36a8abfad01d4acad9b1e50cc2c10ec core/skills/setup/steps/10-reminders.md
26a8bb2fb4ab315e0100c0683cde947c9b2a2f157e3bf77f98fb3cf8b653ff34 core/skills/setup/steps/11-workflows.md
ae5bdecd2dab71c0aacd6d73b7e8ad41d356799deb28398cdf13b8177ad60edf core/skills/setup/steps/12-import.md
411f1c5baf2fa7c432a0ab630dab5f353925d82305d0c595742a8b042f08c82e core/skills/setup/steps/13-routines.md
f6d16324ff6e282740f4af8f7703764242ca6f475ae483944ac991fef42986e2 core/skills/setup/steps/14-audit.md
1338ed1c1bc2510ac08b17c1af982149c6558c6e0b9c262a2fb40e9874f28e58 core/workflows/graph/scripts/build-graph-page.py
4950ceb7d8f94577c9e89c1780dcfc5c0247d78fb0c5c03cb86f56af77459239 core/workflows/graph/setup.md
bffdeb291dcc0df27af412f4b4b0c0bc0c81ac9fd4d24b9091390c756a5e9d5d core/workflows/graph/template/graph-template.html
