version 0.2.0
68f595e5415cc8265ded5fdb266cb78fd10cc425d092d303f7d9db1791a5ce8d core/adapters/README.md
5262ecaaa6f0f6c9f4388bf088ee9069522028140cbb1e12f336937fa8e43481 core/adapters/antigravity/README.md
80015298a2e44a05c06b85f1ae2183f4a711d8e13b43cc04e45e74349b98c26e core/adapters/claude/SKILL.md
054ed40de37df0458b4de0c93f3b0351e5faf9089e8eeafdbd1ef2c140b3773c core/adapters/claude/hooks/pre-push
60406189ab6e9823df03467c862d0a8d051b0b100eff5d09431364d925c0f81e core/adapters/claude/hooks/session-start.sh
47bdf0a8ecc402e87fcc66608c9485e64641a65d1b77f5f6a0f86a93b8281c6a core/adapters/claude/hooks/stop-sync.sh
bf60656255b1d926bd5c9a984fb476e8ddfe9f75ab9979683c684602c00c88ed core/adapters/claude/recipes/customize.md
abd8c3d34665fd1abf24c2f5bab6b3a5bd4f4a8111ecfaf49beccdacb5dd431b core/adapters/claude/scripts/make-cloud-setup.sh
9516ab6111123e77c733695de716944073f93440a5d335f27e39e558287ef1f7 core/adapters/claude/scripts/revoke-cloud-key.sh
db8d94349e916da569a93ac4f4b65e06fba0b189d9567f275b1ed55ab1185666 core/adapters/codex/README.md
56c537d625a4dd280f3f024eea18eda0b4dc8473bde74479141cb80036331f92 core/backup/AGENT.md
f9d10b279117ef5fd1931ee6b6cf7d6e12136f3629365790b891ef4925a1c834 core/backup/README.txt
a12264bfc42c9ec48159407b460650fe70ad92926802858aa2b243f7b4805f99 core/backup/make-usb.sh
76f1ca3a028635e5f2fba5c28272db8f84f0907fb81a92730d3d4557dd71c0e6 core/backup/restore-mac.sh
aeec72548a092edd33b37c75abc7b5a4dcc57865adedc597d2a2ce9f45bd923c core/backup/restore-windows.ps1
82286b09f4bdc5fdeba2d1e1085d0c3db15755ddfc1993f6859fb37507b03ed0 core/scripts/leak-check.sh
d629759ac1a7ec6567d7f8d54da174278b2047b6c6879ec9dd025beb8d607e2c core/scripts/link-check.sh
6fc14b515bca2245998a4bb7bfb0624a85f92b8c3fb6302c1fd5fc6c2904b6b6 core/scripts/style-check.sh
a0a2f15ac0712e52b6f98b1c1a44d6a8ae8327cb888dc80d1881df796d69ff89 core/skills/core-update/SKILL.md
2dea87ba3b4683582dbabaca9a3daf8a9c46ce8c5df111d7f70a4c03e64c4cc5 core/skills/setup/SKILL.md
9d815ff3a3880cb9644a295da0ba9c763c1a787ff685d2c19f1d1bceeb89be66 core/skills/setup/references/explain-encryption.md
d30058992ba4bf3332e1527b580fa1ded22d5cc4e7f607315f7c3eefd5053175 core/skills/setup/references/explain-git.md
76db02dbc1def8210fecb2a0ef8320fec2455dc8e08baf22584b3ddca198c932 core/skills/setup/references/what-the-provider-sees.md
f715dd211e85c06eb28e41b38e4ec267d7502458f55bcdc0bac32207255d7fef core/skills/setup/steps/01-questionnaire.md
a81218bf580dfcf6ebfbbd549454c095d448406c912bf64499137a23a9cd883e core/skills/setup/steps/02-machine.md
b3020836dfc9bb9910d54c33628110b97ef40f5849f9b52a04d249a1c8e637d7 core/skills/setup/steps/03-repo.md
46ed1dbc4d0705eaf75363345be26fb27b9fd613a188ff7c405de9eda8bdba0a core/skills/setup/steps/04-who.md
7a42cdcbf97f8c9ed2e12454fe25c072ce910f67388b78938ea264686c4d7767 core/skills/setup/steps/05-key.md
690720d263e59c32a1af2c030c677c0a96421e33197a6008330a7155e47825fc core/skills/setup/steps/06-remote.md
e818a126535b590589990eaf96df75313bf96154b4536b3d07fba3a0a4e82785 core/skills/setup/steps/07-backup.md
e7c91be03caa3c7e43e43b12a74889df29573bb5d4fdb3018e4f8f6758bb37b1 core/skills/setup/steps/08-cloud.md
a34d38891f4da83210bfdbc055b8e5dbe09e34e5ea632e82dfc1c2085ae35c80 core/skills/setup/steps/11-workflows.md
055b42f92be4af5ced98c660f85ffcb5bd94fb3483e7e33fc6833b47add6c615 core/skills/setup/steps/14-audit.md
67e0a535ac1439555bb5788750ac461d09b02e0711c18e5f09bf612b5fe123a6 core/ui/LICENSE
ed966f301c6da8f60dc45ebbceab886e2e362427e434765375f3b73de8422950 core/ui/README.md
e9dd8507f4bf0c6f42458e41aea833ad0bd3f6127272335eee9bf4d58541ed67 core/ui/VERSION
37fd614e145deec993b83467520b3ec76f9c358bc6cd9f5a21a98e9b96210bac core/ui/actions.json
0de7c05c7c32f8dc78d0635d5ffe4f5edddf5b4bb712bdf6780fe606c85fe5ef core/ui/build.py
527581dcd0cbd605bc5800a9f93c3e0e46cd415104d755eecb129a14454c402e core/ui/components/icm-action.css
d06d2a0c367b9fca23f7222163501390745625b2a7019ebde0290e2f0a24f3fd core/ui/components/icm-action.js
db54028aec72252c3172bd7abdfe33708e84429ae065d8b4b3b5e16573baf783 core/ui/components/icm-choice.css
6352d52231929c917f6b7f3317999d08557b7d7846ffc0a466ab3b75ee4d5166 core/ui/components/icm-choice.js
a38372e8c3057f5e5e776b6c4949edbbcd04bfe5a6541b265c9c91ddf5048800 core/ui/components/icm-confirm.css
600a10759a0eaa1ddf165795becfc9fef1c641be556e7353a6221f20b3ddc55c core/ui/components/icm-confirm.js
bd377d76b7b29809a7f8216e824064bfa8662dc544f02b4cc72d27eb32ac804b core/ui/components/icm-deadline.css
3742ae8445257659e2d99042973f9c96df21af40a7e597686706fe15a8a0ef28 core/ui/components/icm-deadline.js
7933d7c0ac320116af88f1852be67c933b2680096cc268a86173833a6361c655 core/ui/components/icm-delta.css
1ba008bedd08e268910f9e3474479c822f8268a6c32c63990743c77fa7006ba2 core/ui/components/icm-delta.js
645fe99c6d84326911222f8ce206d4381b9372b2b6ae62bdd0236563c030d8e7 core/ui/components/icm-facts.css
eeabeccd01865af4b923618b9645a0415927d263d52c2680c0fea153da6c391c core/ui/components/icm-facts.js
7f21ef535913daf0b9952e8fe0aa716737b6d37ce0ea55a84ea6ab8a8c6c71e1 core/ui/components/icm-gauge.css
d6fd7a09eb9dda4f8f73651185ec3c75b6efcedb99973ec6914992cc7f00a66e core/ui/components/icm-gauge.js
4ca4ddb9bf4bbf27b164c0162f385edf214158bc70c543c7b3cf761d998714c2 core/ui/components/icm-input.css
e6664a87013994ae6f1da00b00d2f5b40db4d154abc21d8f302c09304124db3f core/ui/components/icm-input.js
b1e110bba27addffcd660b0142874030b23454604f6910518090647ee37306ac core/ui/components/icm-list.css
12ca089540cabc3c595bb69fe0060d27dead6bd338e1355ee8e6c86ea497e0ba core/ui/components/icm-list.js
b89bd975fca7f67a4d478d028a114cdaaaa4d642aa2709328124d13a7944667f core/ui/components/icm-metric.css
37ba5694e47d9de704947e00203ccef31ac0edd8a63661716365200761fe22ec core/ui/components/icm-metric.js
95c44ac92b5dbed8940e0a23101751fba1d11db5bd656118f342f67b73b05e98 core/ui/components/icm-next.css
c3e77e89d4c32ffa0e94ec014eca561fe1d335143386247b706ca5b497a08fbb core/ui/components/icm-next.js
672d65a85dd74933724ab6844cdc7b09c34de009254efddee212309433b64091 core/ui/components/icm-quote.css
bf2d318273ea56187ab1af4e5eb39372fe6005078b1d6a68f7f6c7b188f4ff39 core/ui/components/icm-quote.js
26e4cfb8f568819b06d91bdc420417d3d0543e900fd69680eda86f70439e6294 core/ui/components/icm-series.css
e5485ef82618cb922c69460a907b61d4460640fd8883e0c100509a0db6194359 core/ui/components/icm-series.js
2d35579455bbd2ce0a520d02cffb4004735886a6edaadad3e1f85948702859e4 core/ui/components/icm-slider.css
47b1a89bab7f1fb2dfa1bf66d64bfd7e99cd32f0dcae1a854391bff91c9a5966 core/ui/components/icm-slider.js
9f4b4168029cc2d3140171279a041f03e5f68a7ba4d46adccdba00bb597185f0 core/ui/components/icm-tags.css
7512d2fda5525d1851347110d1413623bae1ae5c9c3c3d06073f0edeadb82d6e core/ui/components/icm-tags.js
bd43acfc2762b87ba9c3e8cacbd7926009a08b77af025c644ed1b142ddae5296 core/ui/dist/icm.js
89d26f5b3ac72749c3e755dd4fa4b53753f8a9148a57995f88a72325076302d9 core/ui/icons/providers.js
408d0b85eee55e6c6519a2d629e515189f83949d84ffdebfff4b7dab42dbf7c7 core/ui/icons/ui.js
f3761b7abf6337ae9e1e6a4352a2e4b2b605c12f415497faaa69ee7873b3679a core/ui/index.js
d55a9d5ce3967bc83420f42e4ac43da961774369dc125b8f73fb17269f6af443 core/ui/labels-check.mjs
258a3a64ecd59b610553dd60199aafa631c7b705d0f70e44dd73c6e863a0c68d core/ui/primitives/base.js
05114de7b72a18bcbac36624584750ea8e932432268634ff64e8072c99de19d1 core/ui/primitives/icm-button.css
ec1061dc885a861b0edbd1b60fe045e785778675ba87e2a460c38db7bc6c1c6d core/ui/primitives/icm-button.js
f7f84d1d5c906e643404912dd8cf3f98136d433834346a5662d1848e51d010ab core/ui/primitives/icm-icon.css
3975f8c5c8048bd0c5cecdeebd64d3325bc34eab7b7c95f63e3674cd3239b6c3 core/ui/primitives/icm-icon.js
31bda6ccb9bae7fcb7314e895cb1db1ec119395d7a827d7d4f1733796df43ecd core/ui/primitives/icm-link.css
36406b95463d805d84b94e7a2083bd61ad8a25018e4f4d1381a6afcd3d35a663 core/ui/primitives/icm-link.js
1d0ca12744a4dede74390ccb95da3731f133c5c3445306f35daff3e1607e73dc core/ui/primitives/labels.js
3990b85cfcb065185e2246ed224313f207dc7cb099bd07040aa30eecee549e3f core/ui/schema.json
86ab1eb476bf6614bd98cabb972fac2d25776e52b83856760d04ed0bb1f8336a core/ui/tokens/colors.css
ff07da9a923d407d11f778bdd1de79a7ff588c5143876b2685e70cf4351c5e90 core/ui/tokens/layout.css
f18f4ad82a988ee0fbcacb99c9095e705b790c28de45514e7da5502c803c55d5 core/ui/tokens/motion.css
cec77b01acdb709dd3376c82edfdc92549dbc2742280770acd48feb2819b7fb9 core/ui/tokens/surface.css
21f511a3730049dd4bbe7046df743223bd2ad36b5e4e57d7b0980ec4890d8569 core/ui/tokens/typography.css
c51ce3432c1e7464815c39861cbf77674830d391d718ea14d6f1759fe114da56 core/ui/vendor/README.md
cfba4715ca57d3f6a0ee519673d689f30027f3de0d5578df2e57e23a7e350ef0 core/ui/vendor/lit.js
4368ce6ef234a0203885d836f91b2d5643f9e5d67c101c898dcc48b1c09a296f core/workflows/graph/scripts/build-graph-page.py
82a2f8f2d5a603d9768f28cfa51a8d0979665f637ad735c4b38eca93b452c159 core/workflows/graph/setup.md
1522559ad779c4781938bab0b9bf3a558b9393ca0478a470b31437dfd21c047d core/workflows/graph/template/graph-template.html
